{"version":4,"terraform_version":"1.11.5","serial":28,"lineage":"75a6d01e-d997-b4aa-2312-eccd2f445a24","outputs":{"instances_info":{"value":[{"domain":"*.docker-1.themlaw.dev","ip":"51.254.107.216","name":"docker_instance_1","password":"D$mxp\u0026\u0026[ESm%I!ie","user":"root"},{"domain":"*.docker-2.themlaw.dev","ip":"51.254.107.100","name":"docker_instance_2","password":"AZW=}CC=2qZ\u003ec0Gk","user":"root"},{"domain":"*.docker-3.themlaw.dev","ip":"51.254.107.43","name":"docker_instance_3","password":"G\u003cy$HM=tdxKd3fC8","user":"root"},{"domain":"*.docker-4.themlaw.dev","ip":"51.254.107.132","name":"docker_instance_4","password":"}O\u003e0m3]\u003c7pQeB0gA","user":"root"},{"domain":"*.docker-5.themlaw.dev","ip":"51.254.107.156","name":"docker_instance_5","password":"KYh+oZ=Z5D!r7FNn","user":"root"},{"domain":"*.docker-6.themlaw.dev","ip":"51.254.107.174","name":"docker_instance_6","password":"+dtB*U3ay+X-yc!l","user":"root"}],"type":["tuple",[["object",{"domain":"string","ip":"string","name":"string","password":"string","user":"string"}],["object",{"domain":"string","ip":"string","name":"string","password":"string","user":"string"}],["object",{"domain":"string","ip":"string","name":"string","password":"string","user":"string"}],["object",{"domain":"string","ip":"string","name":"string","password":"string","user":"string"}],["object",{"domain":"string","ip":"string","name":"string","password":"string","user":"string"}],["object",{"domain":"string","ip":"string","name":"string","password":"string","user":"string"}]]]}},"resources":[{"mode":"managed","type":"cloudflare_dns_record","name":"docker_instances","provider":"provider[\"registry.opentofu.org/cloudflare/cloudflare\"]","instances":[{"index_key":0,"schema_version":0,"attributes":{"comment":null,"comment_modified_on":null,"content":"51.254.107.216","created_on":"2026-02-26T14:13:40Z","data":null,"id":"e8fca41ed1e78026133b59ae3c4c754d","meta":"{}","modified_on":"2026-02-26T14:13:40Z","name":"*.docker-1","priority":null,"proxiable":true,"proxied":false,"settings":{"flatten_cname":null,"ipv4_only":null,"ipv6_only":null},"tags":[],"tags_modified_on":null,"ttl":1,"type":"A","zone_id":"341afc239ce474f7c02fda058239c3e1"},"sensitive_attributes":[],"dependencies":["openstack_compute_instance_v2.docker_vm_instance","random_password.tuxae_passwords"]},{"index_key":1,"schema_version":0,"attributes":{"comment":null,"comment_modified_on":null,"content":"51.254.107.100","created_on":"2026-02-26T14:13:39Z","data":null,"id":"4544b9a24f9d1d1dbc2d4f5759f8b0bb","meta":"{}","modified_on":"2026-02-26T14:13:39Z","name":"*.docker-2","priority":null,"proxiable":true,"proxied":false,"settings":{"flatten_cname":null,"ipv4_only":null,"ipv6_only":null},"tags":[],"tags_modified_on":null,"ttl":1,"type":"A","zone_id":"341afc239ce474f7c02fda058239c3e1"},"sensitive_attributes":[],"dependencies":["openstack_compute_instance_v2.docker_vm_instance","random_password.tuxae_passwords"]},{"index_key":2,"schema_version":0,"attributes":{"comment":null,"comment_modified_on":null,"content":"51.254.107.43","created_on":"2026-02-26T14:13:40Z","data":null,"id":"3975719ce92c031d03b21779eecb5ff9","meta":"{}","modified_on":"2026-02-26T14:13:40Z","name":"*.docker-3","priority":null,"proxiable":true,"proxied":false,"settings":{"flatten_cname":null,"ipv4_only":null,"ipv6_only":null},"tags":[],"tags_modified_on":null,"ttl":1,"type":"A","zone_id":"341afc239ce474f7c02fda058239c3e1"},"sensitive_attributes":[],"dependencies":["openstack_compute_instance_v2.docker_vm_instance","random_password.tuxae_passwords"]},{"index_key":3,"schema_version":0,"attributes":{"comment":null,"comment_modified_on":null,"content":"51.254.107.132","created_on":"2026-02-26T14:13:40Z","data":null,"id":"e5236d507fa759d4cb03c064b0ce562f","meta":"{}","modified_on":"2026-02-26T14:13:40Z","name":"*.docker-4","priority":null,"proxiable":true,"proxied":false,"settings":{"flatten_cname":null,"ipv4_only":null,"ipv6_only":null},"tags":[],"tags_modified_on":null,"ttl":1,"type":"A","zone_id":"341afc239ce474f7c02fda058239c3e1"},"sensitive_attributes":[],"dependencies":["openstack_compute_instance_v2.docker_vm_instance","random_password.tuxae_passwords"]},{"index_key":4,"schema_version":0,"attributes":{"comment":null,"comment_modified_on":null,"content":"51.254.107.156","created_on":"2026-02-26T14:13:40Z","data":null,"id":"9829857e3a7602307063abab3d6870b0","meta":"{}","modified_on":"2026-02-26T14:13:40Z","name":"*.docker-5","priority":null,"proxiable":true,"proxied":false,"settings":{"flatten_cname":null,"ipv4_only":null,"ipv6_only":null},"tags":[],"tags_modified_on":null,"ttl":1,"type":"A","zone_id":"341afc239ce474f7c02fda058239c3e1"},"sensitive_attributes":[],"dependencies":["openstack_compute_instance_v2.docker_vm_instance","random_password.tuxae_passwords"]},{"index_key":5,"schema_version":0,"attributes":{"comment":null,"comment_modified_on":null,"content":"51.254.107.174","created_on":"2026-02-26T14:13:40Z","data":null,"id":"e40b156cb3136eba05d307ac853d0c88","meta":"{}","modified_on":"2026-02-26T14:13:40Z","name":"*.docker-6","priority":null,"proxiable":true,"proxied":false,"settings":{"flatten_cname":null,"ipv4_only":null,"ipv6_only":null},"tags":[],"tags_modified_on":null,"ttl":1,"type":"A","zone_id":"341afc239ce474f7c02fda058239c3e1"},"sensitive_attributes":[],"dependencies":["openstack_compute_instance_v2.docker_vm_instance","random_password.tuxae_passwords"]}]},{"mode":"managed","type":"local_sensitive_file","name":"instances_csv","provider":"provider[\"registry.opentofu.org/hashicorp/local\"]","instances":[{"schema_version":0,"attributes":{"content":"Nom,Domaine,IP,Utilisateur,Mot de passe\ndocker_instance_1,*.docker-1.themlaw.dev,51.254.107.216,root,D$mxp\u0026\u0026[ESm%I!ie\ndocker_instance_2,*.docker-2.themlaw.dev,51.254.107.100,root,AZW=}CC=2qZ\u003ec0Gk\ndocker_instance_3,*.docker-3.themlaw.dev,51.254.107.43,root,G\u003cy$HM=tdxKd3fC8\ndocker_instance_4,*.docker-4.themlaw.dev,51.254.107.132,root,}O\u003e0m3]\u003c7pQeB0gA\ndocker_instance_5,*.docker-5.themlaw.dev,51.254.107.156,root,KYh+oZ=Z5D!r7FNn\ndocker_instance_6,*.docker-6.themlaw.dev,51.254.107.174,root,+dtB*U3ay+X-yc!l","content_base64":null,"content_base64sha256":"0/dCALVY3exxY5X3SMjPeBW8eB1WQ/HjUs8+wtmh4eI=","content_base64sha512":"GUZHxbgl1auC22fkSTbfS3AgrhrCZBzlBMvU06JL4UYKO2iYSWL8ZXbOnJ+o6fkL5oMfiDuk7ys8Ab/UficZgw==","content_md5":"946aa70794dc580e53e172683666e6f9","content_sha1":"762a59ad804786d0ea2b0ea735d127ac89f84d19","content_sha256":"d3f74200b558ddec716395f748c8cf7815bc781d5643f1e352cf3ec2d9a1e1e2","content_sha512":"194647c5b825d5ab82db67e44936df4b7020ae1ac2641ce504cbd4d3a24be1460a3b68984962fc6576ce9c9fa8e9f90be6831f883ba4ef2b3c01bfd47e271983","directory_permission":"0700","file_permission":"0700","filename":"./instances_config.csv","id":"762a59ad804786d0ea2b0ea735d127ac89f84d19","source":null},"sensitive_attributes":[[{"type":"get_attr","value":"content"}],[{"type":"get_attr","value":"content_base64"}]],"dependencies":["cloudflare_dns_record.docker_instances","openstack_compute_instance_v2.docker_vm_instance","random_password.tuxae_passwords"]}]},{"mode":"managed","type":"openstack_compute_instance_v2","name":"docker_vm_instance","provider":"provider[\"registry.opentofu.org/terraform-provider-openstack/openstack\"]","instances":[{"index_key":0,"schema_version":0,"attributes":{"access_ip_v4":"51.254.107.216","access_ip_v6":"2001:41d0:304:400::2c61","admin_pass":null,"all_metadata":{},"all_tags":[],"availability_zone":"nova","availability_zone_hints":null,"block_device":[],"config_drive":null,"created":"2026-02-26 14:11:53 +0000 UTC","flavor_id":"5085760f-f370-42af-a09a-907b0056ba05","flavor_name":"d2-4","force_delete":false,"hypervisor_hostname":"","id":"e3c5bd4d-f509-4d93-9ea3-1463c35f5bdc","image_id":"ad4a60ef-2cce-4702-bb56-a5917dff14e4","image_name":"Debian 12","key_pair":"","metadata":null,"name":"docker_instance_1","network":[{"access_network":false,"fixed_ip_v4":"51.254.107.216","fixed_ip_v6":"2001:41d0:304:400::2c61","mac":"fa:16:3e:d5:88:41","name":"Ext-Net","port":"","uuid":"b2c02fdc-ffdf-40f6-9722-533bd7058c06"}],"network_mode":null,"personality":[],"power_state":"active","region":"GRA9","scheduler_hints":[],"security_groups":["default"],"stop_before_destroy":false,"tags":null,"timeouts":null,"updated":"2026-02-26 14:12:50 +0000 UTC","user_data":"458c9c0c7f5a2cec3571f07135386f2f85799ddd","vendor_options":[]},"sensitive_attributes":[[{"type":"get_attr","value":"admin_pass"}],[{"type":"get_attr","value":"user_data"}]],"private":"eyJlMmJmYjczMC1lY2FhLTExZTYtOGY4OC0zNDM2M2JjN2M0YzAiOnsiY3JlYXRlIjoxODAwMDAwMDAwMDAwLCJkZWxldGUiOjE4MDAwMDAwMDAwMDAsInVwZGF0ZSI6MTgwMDAwMDAwMDAwMH19","dependencies":["random_password.tuxae_passwords"]},{"index_key":1,"schema_version":0,"attributes":{"access_ip_v4":"51.254.107.100","access_ip_v6":"2001:41d0:304:400::11e8","admin_pass":null,"all_metadata":{},"all_tags":[],"availability_zone":"nova","availability_zone_hints":null,"block_device":[],"config_drive":null,"created":"2026-02-26 14:11:53 +0000 UTC","flavor_id":"5085760f-f370-42af-a09a-907b0056ba05","flavor_name":"d2-4","force_delete":false,"hypervisor_hostname":"","id":"d66d5358-060e-4efa-bddc-4be1b78be68f","image_id":"ad4a60ef-2cce-4702-bb56-a5917dff14e4","image_name":"Debian 12","key_pair":"","metadata":null,"name":"docker_instance_2","network":[{"access_network":false,"fixed_ip_v4":"51.254.107.100","fixed_ip_v6":"2001:41d0:304:400::11e8","mac":"fa:16:3e:03:2f:1a","name":"Ext-Net","port":"","uuid":"b2c02fdc-ffdf-40f6-9722-533bd7058c06"}],"network_mode":null,"personality":[],"power_state":"active","region":"GRA9","scheduler_hints":[],"security_groups":["default"],"stop_before_destroy":false,"tags":null,"timeouts":null,"updated":"2026-02-26 14:12:43 +0000 UTC","user_data":"6e848112a6b4fa2caec6a5c80bb3bc5b12c9819a","vendor_options":[]},"sensitive_attributes":[[{"type":"get_attr","value":"admin_pass"}],[{"type":"get_attr","value":"user_data"}]],"private":"eyJlMmJmYjczMC1lY2FhLTExZTYtOGY4OC0zNDM2M2JjN2M0YzAiOnsiY3JlYXRlIjoxODAwMDAwMDAwMDAwLCJkZWxldGUiOjE4MDAwMDAwMDAwMDAsInVwZGF0ZSI6MTgwMDAwMDAwMDAwMH19","dependencies":["random_password.tuxae_passwords"]},{"index_key":2,"schema_version":0,"attributes":{"access_ip_v4":"51.254.107.43","access_ip_v6":"2001:41d0:304:400::3c58","admin_pass":null,"all_metadata":{},"all_tags":[],"availability_zone":"nova","availability_zone_hints":null,"block_device":[],"config_drive":null,"created":"2026-02-26 14:11:53 +0000 UTC","flavor_id":"5085760f-f370-42af-a09a-907b0056ba05","flavor_name":"d2-4","force_delete":false,"hypervisor_hostname":"","id":"0b18b352-03ff-4cc4-90fc-31a76721e06a","image_id":"ad4a60ef-2cce-4702-bb56-a5917dff14e4","image_name":"Debian 12","key_pair":"","metadata":null,"name":"docker_instance_3","network":[{"access_network":false,"fixed_ip_v4":"51.254.107.43","fixed_ip_v6":"2001:41d0:304:400::3c58","mac":"fa:16:3e:9a:9f:a9","name":"Ext-Net","port":"","uuid":"b2c02fdc-ffdf-40f6-9722-533bd7058c06"}],"network_mode":null,"personality":[],"power_state":"active","region":"GRA9","scheduler_hints":[],"security_groups":["default"],"stop_before_destroy":false,"tags":null,"timeouts":null,"updated":"2026-02-26 14:12:43 +0000 UTC","user_data":"570b564fa9ea10d1df263861988e20fbb231086b","vendor_options":[]},"sensitive_attributes":[[{"type":"get_attr","value":"admin_pass"}],[{"type":"get_attr","value":"user_data"}]],"private":"eyJlMmJmYjczMC1lY2FhLTExZTYtOGY4OC0zNDM2M2JjN2M0YzAiOnsiY3JlYXRlIjoxODAwMDAwMDAwMDAwLCJkZWxldGUiOjE4MDAwMDAwMDAwMDAsInVwZGF0ZSI6MTgwMDAwMDAwMDAwMH19","dependencies":["random_password.tuxae_passwords"]},{"index_key":3,"schema_version":0,"attributes":{"access_ip_v4":"51.254.107.132","access_ip_v6":"2001:41d0:304:400::3bfa","admin_pass":null,"all_metadata":{},"all_tags":[],"availability_zone":"nova","availability_zone_hints":null,"block_device":[],"config_drive":null,"created":"2026-02-26 14:11:53 +0000 UTC","flavor_id":"5085760f-f370-42af-a09a-907b0056ba05","flavor_name":"d2-4","force_delete":false,"hypervisor_hostname":"","id":"ea75f181-3f51-45ea-96ed-0befc9104316","image_id":"ad4a60ef-2cce-4702-bb56-a5917dff14e4","image_name":"Debian 12","key_pair":"","metadata":null,"name":"docker_instance_4","network":[{"access_network":false,"fixed_ip_v4":"51.254.107.132","fixed_ip_v6":"2001:41d0:304:400::3bfa","mac":"fa:16:3e:0e:ac:94","name":"Ext-Net","port":"","uuid":"b2c02fdc-ffdf-40f6-9722-533bd7058c06"}],"network_mode":null,"personality":[],"power_state":"active","region":"GRA9","scheduler_hints":[],"security_groups":["default"],"stop_before_destroy":false,"tags":null,"timeouts":null,"updated":"2026-02-26 14:13:35 +0000 UTC","user_data":"e96a4ffc217e430c595030f8c09300ce754edd76","vendor_options":[]},"sensitive_attributes":[[{"type":"get_attr","value":"admin_pass"}],[{"type":"get_attr","value":"user_data"}]],"private":"eyJlMmJmYjczMC1lY2FhLTExZTYtOGY4OC0zNDM2M2JjN2M0YzAiOnsiY3JlYXRlIjoxODAwMDAwMDAwMDAwLCJkZWxldGUiOjE4MDAwMDAwMDAwMDAsInVwZGF0ZSI6MTgwMDAwMDAwMDAwMH19","dependencies":["random_password.tuxae_passwords"]},{"index_key":4,"schema_version":0,"attributes":{"access_ip_v4":"51.254.107.156","access_ip_v6":"2001:41d0:304:400::2c78","admin_pass":null,"all_metadata":{},"all_tags":[],"availability_zone":"nova","availability_zone_hints":null,"block_device":[],"config_drive":null,"created":"2026-02-26 14:11:53 +0000 UTC","flavor_id":"5085760f-f370-42af-a09a-907b0056ba05","flavor_name":"d2-4","force_delete":false,"hypervisor_hostname":"","id":"ab5929ae-9ce9-45f6-bd7f-0b384669802e","image_id":"ad4a60ef-2cce-4702-bb56-a5917dff14e4","image_name":"Debian 12","key_pair":"","metadata":null,"name":"docker_instance_5","network":[{"access_network":false,"fixed_ip_v4":"51.254.107.156","fixed_ip_v6":"2001:41d0:304:400::2c78","mac":"fa:16:3e:9e:02:35","name":"Ext-Net","port":"","uuid":"b2c02fdc-ffdf-40f6-9722-533bd7058c06"}],"network_mode":null,"personality":[],"power_state":"active","region":"GRA9","scheduler_hints":[],"security_groups":["default"],"stop_before_destroy":false,"tags":null,"timeouts":null,"updated":"2026-02-26 14:12:44 +0000 UTC","user_data":"d10ea175043045a52cfb554216c86783b685ae2d","vendor_options":[]},"sensitive_attributes":[[{"type":"get_attr","value":"admin_pass"}],[{"type":"get_attr","value":"user_data"}]],"private":"eyJlMmJmYjczMC1lY2FhLTExZTYtOGY4OC0zNDM2M2JjN2M0YzAiOnsiY3JlYXRlIjoxODAwMDAwMDAwMDAwLCJkZWxldGUiOjE4MDAwMDAwMDAwMDAsInVwZGF0ZSI6MTgwMDAwMDAwMDAwMH19","dependencies":["random_password.tuxae_passwords"]},{"index_key":5,"schema_version":0,"attributes":{"access_ip_v4":"51.254.107.174","access_ip_v6":"2001:41d0:304:400::346f","admin_pass":null,"all_metadata":{},"all_tags":[],"availability_zone":"nova","availability_zone_hints":null,"block_device":[],"config_drive":null,"created":"2026-02-26 14:11:53 +0000 UTC","flavor_id":"5085760f-f370-42af-a09a-907b0056ba05","flavor_name":"d2-4","force_delete":false,"hypervisor_hostname":"","id":"ba2cd782-718b-4eb8-86c2-d1afd1b39413","image_id":"ad4a60ef-2cce-4702-bb56-a5917dff14e4","image_name":"Debian 12","key_pair":"","metadata":null,"name":"docker_instance_6","network":[{"access_network":false,"fixed_ip_v4":"51.254.107.174","fixed_ip_v6":"2001:41d0:304:400::346f","mac":"fa:16:3e:d0:52:a9","name":"Ext-Net","port":"","uuid":"b2c02fdc-ffdf-40f6-9722-533bd7058c06"}],"network_mode":null,"personality":[],"power_state":"active","region":"GRA9","scheduler_hints":[],"security_groups":["default"],"stop_before_destroy":false,"tags":null,"timeouts":null,"updated":"2026-02-26 14:12:43 +0000 UTC","user_data":"817306ebefd6c9a40f1eee7893ab09b5de0197eb","vendor_options":[]},"sensitive_attributes":[[{"type":"get_attr","value":"admin_pass"}],[{"type":"get_attr","value":"user_data"}]],"private":"eyJlMmJmYjczMC1lY2FhLTExZTYtOGY4OC0zNDM2M2JjN2M0YzAiOnsiY3JlYXRlIjoxODAwMDAwMDAwMDAwLCJkZWxldGUiOjE4MDAwMDAwMDAwMDAsInVwZGF0ZSI6MTgwMDAwMDAwMDAwMH19","dependencies":["random_password.tuxae_passwords"]}]},{"mode":"managed","type":"random_password","name":"tuxae_passwords","provider":"provider[\"registry.opentofu.org/hashicorp/random\"]","instances":[{"index_key":0,"schema_version":3,"attributes":{"bcrypt_hash":"$2a$10$Bq8hXCNNDniQYsMVvq5S1.c77ATJxbjbmmokMR98/edZVWK3THLfC","id":"none","keepers":null,"length":16,"lower":true,"min_lower":0,"min_numeric":0,"min_special":0,"min_upper":0,"number":true,"numeric":true,"override_special":"!#$%\u0026*()-_=+[]{}\u003c\u003e:?","result":"D$mxp\u0026\u0026[ESm%I!ie","special":true,"upper":true},"sensitive_attributes":[[{"type":"get_attr","value":"bcrypt_hash"}],[{"type":"get_attr","value":"result"}]]},{"index_key":1,"schema_version":3,"attributes":{"bcrypt_hash":"$2a$10$GjsBKb0GhLNLqNq3JyneKOyJjV2hxNUDu/crIFt2zG38j6DCfp8.S","id":"none","keepers":null,"length":16,"lower":true,"min_lower":0,"min_numeric":0,"min_special":0,"min_upper":0,"number":true,"numeric":true,"override_special":"!#$%\u0026*()-_=+[]{}\u003c\u003e:?","result":"AZW=}CC=2qZ\u003ec0Gk","special":true,"upper":true},"sensitive_attributes":[[{"type":"get_attr","value":"bcrypt_hash"}],[{"type":"get_attr","value":"result"}]]},{"index_key":2,"schema_version":3,"attributes":{"bcrypt_hash":"$2a$10$SDEwHK3ySHdy6jW0EyqIde7eX7jNLRNbM/lgSfPRfrz73d/S.mDXq","id":"none","keepers":null,"length":16,"lower":true,"min_lower":0,"min_numeric":0,"min_special":0,"min_upper":0,"number":true,"numeric":true,"override_special":"!#$%\u0026*()-_=+[]{}\u003c\u003e:?","result":"G\u003cy$HM=tdxKd3fC8","special":true,"upper":true},"sensitive_attributes":[[{"type":"get_attr","value":"bcrypt_hash"}],[{"type":"get_attr","value":"result"}]]},{"index_key":3,"schema_version":3,"attributes":{"bcrypt_hash":"$2a$10$PxIEjTXUGq2/4LNnpzBfcei76KDl7ZtDR.3nIbQ0sTN2lAsq1ERs.","id":"none","keepers":null,"length":16,"lower":true,"min_lower":0,"min_numeric":0,"min_special":0,"min_upper":0,"number":true,"numeric":true,"override_special":"!#$%\u0026*()-_=+[]{}\u003c\u003e:?","result":"}O\u003e0m3]\u003c7pQeB0gA","special":true,"upper":true},"sensitive_attributes":[[{"type":"get_attr","value":"bcrypt_hash"}],[{"type":"get_attr","value":"result"}]]},{"index_key":4,"schema_version":3,"attributes":{"bcrypt_hash":"$2a$10$HAHTLqBa2SyRnmhNuw8bM.laEh1bKazyTZJi7q/g5j0Nq8r19Z006","id":"none","keepers":null,"length":16,"lower":true,"min_lower":0,"min_numeric":0,"min_special":0,"min_upper":0,"number":true,"numeric":true,"override_special":"!#$%\u0026*()-_=+[]{}\u003c\u003e:?","result":"KYh+oZ=Z5D!r7FNn","special":true,"upper":true},"sensitive_attributes":[[{"type":"get_attr","value":"bcrypt_hash"}],[{"type":"get_attr","value":"result"}]]},{"index_key":5,"schema_version":3,"attributes":{"bcrypt_hash":"$2a$10$go1QrhKT7uHkGWqlDTf9/OKME/1cFmICiCf8oofe5fvD7KFHrGGNe","id":"none","keepers":null,"length":16,"lower":true,"min_lower":0,"min_numeric":0,"min_special":0,"min_upper":0,"number":true,"numeric":true,"override_special":"!#$%\u0026*()-_=+[]{}\u003c\u003e:?","result":"+dtB*U3ay+X-yc!l","special":true,"upper":true},"sensitive_attributes":[[{"type":"get_attr","value":"bcrypt_hash"}],[{"type":"get_attr","value":"result"}]]}]}],"check_results":null}
