{"version":4,"terraform_version":"1.11.5","serial":24,"lineage":"75a6d01e-d997-b4aa-2312-eccd2f445a24","outputs":{"instances_info":{"value":[{"domain":"docker-1.themlaw.dev","ip":"51.255.153.222","name":"docker_instance_1-user-1","password":"?YypY]DbVSGTY=Zf","user":"tuxae-1"},{"domain":"docker-1.themlaw.dev","ip":"51.255.153.222","name":"docker_instance_1-user-2","password":"ggP\u003eloKHJgGJ\u003e??l","user":"tuxae-2"}],"type":["list",["object",{"domain":"string","ip":"string","name":"string","password":"string","user":"string"}]]}},"resources":[{"mode":"managed","type":"cloudflare_dns_record","name":"docker_instances","provider":"provider[\"registry.opentofu.org/cloudflare/cloudflare\"]","instances":[{"index_key":0,"schema_version":0,"attributes":{"comment":null,"comment_modified_on":null,"content":"51.255.153.222","created_on":"2026-02-25T10:45:24Z","data":null,"id":"ec78254cff61d7144d8dbf3155ce645c","meta":"{}","modified_on":"2026-02-25T10:45:24Z","name":"docker-1","priority":null,"proxiable":true,"proxied":false,"settings":{"flatten_cname":null,"ipv4_only":null,"ipv6_only":null},"tags":[],"tags_modified_on":null,"ttl":1,"type":"A","zone_id":"341afc239ce474f7c02fda058239c3e1"},"sensitive_attributes":[],"dependencies":["openstack_compute_instance_v2.docker_vm_instance","random_password.tuxae_passwords"]}]},{"mode":"managed","type":"local_sensitive_file","name":"instances_csv","provider":"provider[\"registry.opentofu.org/hashicorp/local\"]","instances":[{"schema_version":0,"attributes":{"content":"Nom,Domaine,IP,Utilisateur,Mot de passe\ndocker_instance_1-user-1,docker-1.themlaw.dev,51.255.153.222,tuxae-1,?YypY]DbVSGTY=Zf\ndocker_instance_1-user-2,docker-1.themlaw.dev,51.255.153.222,tuxae-2,ggP\u003eloKHJgGJ\u003e??l","content_base64":null,"content_base64sha256":"1OrfuxwQGLv5d3h5cBCj+gZzsNUQNq85E4myahRmlVQ=","content_base64sha512":"0ElkDhBDUSR+wzgaC2AbbtvcHVPLHq9PSNbuWBXj0iWBKQP95fUwzlaZ+87522oH3vuUR3BjwXKzwYPo8ugZ1g==","content_md5":"aaaceee9621c6377995489619d0f781b","content_sha1":"84e2d5793490165eb344be882bb734f603669fcf","content_sha256":"d4eadfbb1c1018bbf97778797010a3fa0673b0d51036af391389b26a14669554","content_sha512":"d049640e104351247ec3381a0b601b6edbdc1d53cb1eaf4f48d6ee5815e3d225812903fde5f530ce5699fbcef9db6a07defb94477063c172b3c183e8f2e819d6","directory_permission":"0700","file_permission":"0700","filename":"./instances_config.csv","id":"84e2d5793490165eb344be882bb734f603669fcf","source":null},"sensitive_attributes":[[{"type":"get_attr","value":"content"}],[{"type":"get_attr","value":"content_base64"}]],"dependencies":["cloudflare_dns_record.docker_instances","openstack_compute_instance_v2.docker_vm_instance","random_password.tuxae_passwords"]}]},{"mode":"managed","type":"openstack_compute_instance_v2","name":"docker_vm_instance","provider":"provider[\"registry.opentofu.org/terraform-provider-openstack/openstack\"]","instances":[{"index_key":0,"schema_version":0,"attributes":{"access_ip_v4":"51.255.153.222","access_ip_v6":"2001:41d0:304:400::151e","admin_pass":null,"all_metadata":{},"all_tags":[],"availability_zone":"nova","availability_zone_hints":null,"block_device":[],"config_drive":null,"created":"2026-02-25 10:44:31 +0000 UTC","flavor_id":"5085760f-f370-42af-a09a-907b0056ba05","flavor_name":"d2-4","force_delete":false,"hypervisor_hostname":"","id":"7a95fae5-c413-4569-aa6a-7dce0351415f","image_id":"ad4a60ef-2cce-4702-bb56-a5917dff14e4","image_name":"Debian 12","key_pair":"","metadata":null,"name":"docker_instance_1","network":[{"access_network":false,"fixed_ip_v4":"51.255.153.222","fixed_ip_v6":"2001:41d0:304:400::151e","mac":"fa:16:3e:90:a8:27","name":"Ext-Net","port":"","uuid":"b2c02fdc-ffdf-40f6-9722-533bd7058c06"}],"network_mode":null,"personality":[],"power_state":"active","region":"GRA9","scheduler_hints":[],"security_groups":["default"],"stop_before_destroy":false,"tags":null,"timeouts":null,"updated":"2026-02-25 10:45:21 +0000 UTC","user_data":"dd6025723134cf8f70fed7c97dfc2780e1408308","vendor_options":[]},"sensitive_attributes":[[{"type":"get_attr","value":"admin_pass"}],[{"type":"get_attr","value":"user_data"}]],"private":"eyJlMmJmYjczMC1lY2FhLTExZTYtOGY4OC0zNDM2M2JjN2M0YzAiOnsiY3JlYXRlIjoxODAwMDAwMDAwMDAwLCJkZWxldGUiOjE4MDAwMDAwMDAwMDAsInVwZGF0ZSI6MTgwMDAwMDAwMDAwMH19","dependencies":["random_password.tuxae_passwords"]}]},{"mode":"managed","type":"random_password","name":"tuxae_passwords","provider":"provider[\"registry.opentofu.org/hashicorp/random\"]","instances":[{"index_key":0,"schema_version":3,"attributes":{"bcrypt_hash":"$2a$10$T8a5JRIdOW2b1hDKIVItV.62F.Wv78uEjpcep.9qvOCRfW3lpICF6","id":"none","keepers":null,"length":16,"lower":true,"min_lower":0,"min_numeric":0,"min_special":0,"min_upper":0,"number":true,"numeric":true,"override_special":"!#$%\u0026*()-_=+[]{}\u003c\u003e:?","result":"?YypY]DbVSGTY=Zf","special":true,"upper":true},"sensitive_attributes":[[{"type":"get_attr","value":"bcrypt_hash"}],[{"type":"get_attr","value":"result"}]]},{"index_key":1,"schema_version":3,"attributes":{"bcrypt_hash":"$2a$10$drEpctaZb8xm.lHNn15zr.MwlkB.nWduOf9hz/eAln7UqZ0idBiOK","id":"none","keepers":null,"length":16,"lower":true,"min_lower":0,"min_numeric":0,"min_special":0,"min_upper":0,"number":true,"numeric":true,"override_special":"!#$%\u0026*()-_=+[]{}\u003c\u003e:?","result":"ggP\u003eloKHJgGJ\u003e??l","special":true,"upper":true},"sensitive_attributes":[[{"type":"get_attr","value":"bcrypt_hash"}],[{"type":"get_attr","value":"result"}]]}]}],"check_results":null}
